
Microsoft Visual Studio Solution File, Format Version 12.00
# Visual Studio 15
VisualStudioVersion = 15.0.27130.2020
MinimumVisualStudioVersion = 10.0.40219.1
Project("{9A19103F-16F7-4668-BE54-9A1E7A4F7556}") = "Source", "Source\Source.csproj", "{F47C073A-F9F3-4960-9BE1-953B13061962}"
EndProject
Project("{9A19103F-16F7-4668-BE54-9A1E7A4F7556}") = "Tests", "Tests\Tests.csproj", "{DA8198FC-469E-4A5F-A430-7B81A17C01EA}"
EndProject
Global
	GlobalSection(SolutionConfigurationPlatforms) = preSolution
		Debug|Any CPU = Debug|Any CPU
		Release|Any CPU = Release|Any CPU
	EndGlobalSection
	GlobalSection(ProjectConfigurationPlatforms) = postSolution
		{F47C073A-F9F3-4960-9BE1-953B13061962}.Debug|Any CPU.ActiveCfg = Debug|Any CPU
		{F47C073A-F9F3-4960-9BE1-953B13061962}.Debug|Any CPU.Build.0 = Debug|Any CPU
		{F47C073A-F9F3-4960-9BE1-953B13061962}.Release|Any CPU.ActiveCfg = Release|Any CPU
		{F47C073A-F9F3-4960-9BE1-953B13061962}.Release|Any CPU.Build.0 = Release|Any CPU
		{DA8198FC-469E-4A5F-A430-7B81A17C01EA}.Debug|Any CPU.ActiveCfg = Debug|Any CPU
		{DA8198FC-469E-4A5F-A430-7B81A17C01EA}.Debug|Any CPU.Build.0 = Debug|Any CPU
		{DA8198FC-469E-4A5F-A430-7B81A17C01EA}.Release|Any CPU.ActiveCfg = Release|Any CPU
		{DA8198FC-469E-4A5F-A430-7B81A17C01EA}.Release|Any CPU.Build.0 = Release|Any CPU
	EndGlobalSection
	GlobalSection(SolutionProperties) = preSolution
		HideSolutionNode = FALSE
	EndGlobalSection
	GlobalSection(ExtensibilityGlobals) = postSolution
		SolutionGuid = {A509D622-5E7E-4B94-BE2C-B16C2999F2CD}
	EndGlobalSection
EndGlobal
